
Microsoft Visual Studio Solution File, Format Version 12.00
Project("{FAE04EC0-301F-11D3-BF4B-00C04F79EFBC}") = "PaloIT.Hiring.FeatureFlags", "PaloIT.Hiring.FeatureFlags\PaloIT.Hiring.FeatureFlags.csproj", "{95C26B0B-233F-420D-AD47-6FC002C88D7B}"
EndProject
Project("{FAE04EC0-301F-11D3-BF4B-00C04F79EFBC}") = "PaloIT.Hiring.FeatureFlags.Test", "PaloIT.Hiring.FeatureFlags.Test\PaloIT.Hiring.FeatureFlags.Test.csproj", "{3072BBF0-FA01-4BD1-A691-CB82DE7A4713}"
EndProject
Global
	GlobalSection(SolutionConfigurationPlatforms) = preSolution
		Debug|Any CPU = Debug|Any CPU
		Release|Any CPU = Release|Any CPU
	EndGlobalSection
	GlobalSection(ProjectConfigurationPlatforms) = postSolution
		{95C26B0B-233F-420D-AD47-6FC002C88D7B}.Debug|Any CPU.ActiveCfg = Debug|Any CPU
		{95C26B0B-233F-420D-AD47-6FC002C88D7B}.Debug|Any CPU.Build.0 = Debug|Any CPU
		{95C26B0B-233F-420D-AD47-6FC002C88D7B}.Release|Any CPU.ActiveCfg = Release|Any CPU
		{95C26B0B-233F-420D-AD47-6FC002C88D7B}.Release|Any CPU.Build.0 = Release|Any CPU
		{3072BBF0-FA01-4BD1-A691-CB82DE7A4713}.Debug|Any CPU.ActiveCfg = Debug|Any CPU
		{3072BBF0-FA01-4BD1-A691-CB82DE7A4713}.Debug|Any CPU.Build.0 = Debug|Any CPU
		{3072BBF0-FA01-4BD1-A691-CB82DE7A4713}.Release|Any CPU.ActiveCfg = Release|Any CPU
		{3072BBF0-FA01-4BD1-A691-CB82DE7A4713}.Release|Any CPU.Build.0 = Release|Any CPU
	EndGlobalSection
EndGlobal
